Microsoft Visual Studio Solution File, Format Version 12.00
# Visual Studio Version 17
VisualStudioVersion = 17.5.2.0
MinimumVisualStudioVersion = 10.0.40219.1
Project("{FAE04EC0-301F-11D3-BF4B-00C04F79EFBC}") = "TaskSystem.Api", "TaskSystem.Api\TaskSystem.Api.csproj", "{6FEEDD59-2EC9-EA46-FC5D-6C45ADD75BAD}"
EndProject
Global
	GlobalSection(SolutionConfigurationPlatforms) = preSolution
		Debug|Any CPU = Debug|Any CPU
		Release|Any CPU = Release|Any CPU
	EndGlobalSection
	GlobalSection(ProjectConfigurationPlatforms) = postSolution
		{6FEEDD59-2EC9-EA46-FC5D-6C45ADD75BAD}.Debug|Any CPU.ActiveCfg = Debug|Any CPU
		{6FEEDD59-2EC9-EA46-FC5D-6C45ADD75BAD}.Debug|Any CPU.Build.0 = Debug|Any CPU
		{6FEEDD59-2EC9-EA46-FC5D-6C45ADD75BAD}.Release|Any CPU.ActiveCfg = Release|Any CPU
		{6FEEDD59-2EC9-EA46-FC5D-6C45ADD75BAD}.Release|Any CPU.Build.0 = Release|Any CPU
	EndGlobalSection
	GlobalSection(SolutionProperties) = preSolution
		HideSolutionNode = FALSE
	EndGlobalSection
	GlobalSection(ExtensibilityGlobals) = postSolution
		SolutionGuid = {908C4997-0B1F-4BF0-BAD6-9026062A42E7}
	EndGlobalSection
EndGlobal
